
Microsoft Visual Studio Solution File, Format Version 12.00
# Visual Studio Version 16
VisualStudioVersion = 16.0.31229.75
MinimumVisualStudioVersion = 10.0.40219.1
Project("{FAE04EC0-301F-11D3-BF4B-00C04F79EFBC}") = "FiguresTask", "FiguresTask\FiguresTask.csproj", "{24BFA56A-381C-4769-8B4E-61E2A8A3ABEF}"
EndProject
Project("{FAE04EC0-301F-11D3-BF4B-00C04F79EFBC}") = "FiguresTests", "FiguresTests\FiguresTests.csproj", "{C226E6BC-D38C-472F-9171-14ED9163D590}"
EndProject
Global
	GlobalSection(SolutionConfigurationPlatforms) = preSolution
		Debug|Any CPU = Debug|Any CPU
		Release|Any CPU = Release|Any CPU
	EndGlobalSection
	GlobalSection(ProjectConfigurationPlatforms) = postSolution
		{24BFA56A-381C-4769-8B4E-61E2A8A3ABEF}.Debug|Any CPU.ActiveCfg = Debug|Any CPU
		{24BFA56A-381C-4769-8B4E-61E2A8A3ABEF}.Debug|Any CPU.Build.0 = Debug|Any CPU
		{24BFA56A-381C-4769-8B4E-61E2A8A3ABEF}.Release|Any CPU.ActiveCfg = Release|Any CPU
		{24BFA56A-381C-4769-8B4E-61E2A8A3ABEF}.Release|Any CPU.Build.0 = Release|Any CPU
		{C226E6BC-D38C-472F-9171-14ED9163D590}.Debug|Any CPU.ActiveCfg = Debug|Any CPU
		{C226E6BC-D38C-472F-9171-14ED9163D590}.Debug|Any CPU.Build.0 = Debug|Any CPU
		{C226E6BC-D38C-472F-9171-14ED9163D590}.Release|Any CPU.ActiveCfg = Release|Any CPU
		{C226E6BC-D38C-472F-9171-14ED9163D590}.Release|Any CPU.Build.0 = Release|Any CPU
	EndGlobalSection
	GlobalSection(SolutionProperties) = preSolution
		HideSolutionNode = FALSE
	EndGlobalSection
	GlobalSection(ExtensibilityGlobals) = postSolution
		SolutionGuid = {A318FA32-03BA-4191-8AE6-3686AA6F9987}
	EndGlobalSection
EndGlobal
